
Microsoft Visual Studio Solution File, Format Version 12.00
# Visual Studio Version 17
VisualStudioVersion = 17.0.31919.166
MinimumVisualStudioVersion = 10.0.40219.1
Project("{9A19103F-16F7-4668-BE54-9A1E7A4F7556}") = "Lastfm.gRPC.Client", "RabbitMQ.PostOffice.Publisher.Web\Lastfm.gRPC.Client.csproj", "{21564508-A8CD-48E5-B9F1-50F9917A799B}"
EndProject
Project("{9A19103F-16F7-4668-BE54-9A1E7A4F7556}") = "Lastfm.gRPC.Server", "RabbitMQ.PostOffice.Lastfm.Listener.Api\Lastfm.gRPC.Server.csproj", "{BD1E9DBF-77F5-4C4A-A121-F5DB446076B5}"
EndProject
Global
	GlobalSection(SolutionConfigurationPlatforms) = preSolution
		Debug|Any CPU = Debug|Any CPU
		Release|Any CPU = Release|Any CPU
	EndGlobalSection
	GlobalSection(ProjectConfigurationPlatforms) = postSolution
		{21564508-A8CD-48E5-B9F1-50F9917A799B}.Debug|Any CPU.ActiveCfg = Debug|Any CPU
		{21564508-A8CD-48E5-B9F1-50F9917A799B}.Debug|Any CPU.Build.0 = Debug|Any CPU
		{21564508-A8CD-48E5-B9F1-50F9917A799B}.Release|Any CPU.ActiveCfg = Release|Any CPU
		{21564508-A8CD-48E5-B9F1-50F9917A799B}.Release|Any CPU.Build.0 = Release|Any CPU
		{BD1E9DBF-77F5-4C4A-A121-F5DB446076B5}.Debug|Any CPU.ActiveCfg = Debug|Any CPU
		{BD1E9DBF-77F5-4C4A-A121-F5DB446076B5}.Debug|Any CPU.Build.0 = Debug|Any CPU
		{BD1E9DBF-77F5-4C4A-A121-F5DB446076B5}.Release|Any CPU.ActiveCfg = Release|Any CPU
		{BD1E9DBF-77F5-4C4A-A121-F5DB446076B5}.Release|Any CPU.Build.0 = Release|Any CPU
	EndGlobalSection
	GlobalSection(SolutionProperties) = preSolution
		HideSolutionNode = FALSE
	EndGlobalSection
	GlobalSection(ExtensibilityGlobals) = postSolution
		SolutionGuid = {99742107-D83D-4939-901A-450DA284640E}
	EndGlobalSection
EndGlobal
